// !$*UTF8*$!
{
	archiveVersion = 1;
	classes = {
	};
	objectVersion = 77;
	objects = {

/* Begin PBXBuildFile section */
		B00100000000000000000008 /* NovelProjectTests.swift in Sources */ = {isa = PBXBuildFile; fileRef = B00100000000000000000003 /* NovelProjectTests.swift */; };
		B00100000000000000000009 /* ProjectFileStoreTests.swift in Sources */ = {isa = PBXBuildFile; fileRef = B00100000000000000000004 /* ProjectFileStoreTests.swift */; };
		B0010000000000000000000A /* DomainModelsTests.swift in Sources */ = {isa = PBXBuildFile; fileRef = B00100000000000000000005 /* DomainModelsTests.swift */; };
		B0010000000000000000000B /* SearchTests.swift in Sources */ = {isa = PBXBuildFile; fileRef = B00100000000000000000006 /* SearchTests.swift */; };
		B0010000000000000000000C /* ProjectExportServiceTests.swift in Sources */ = {isa = PBXBuildFile; fileRef = B00100000000000000000007 /* ProjectExportServiceTests.swift */; };
		B00100000000000000000016 /* TestFactories.swift in Sources */ = {isa = PBXBuildFile; fileRef = B00100000000000000000017 /* TestFactories.swift */; };
		B00100000000000000000019 /* HostedXCTestLaunchGuardTests.swift in Sources */ = {isa = PBXBuildFile; fileRef = B00100000000000000000018 /* HostedXCTestLaunchGuardTests.swift */; };
		B0010000000000000000001B /* WritingDeskSessionPolicyTests.swift in Sources */ = {isa = PBXBuildFile; fileRef = B0010000000000000000001A /* WritingDeskSessionPolicyTests.swift */; };
		B0010000000000000000001D /* ChapterCommitUseCaseTests.swift in Sources */ = {isa = PBXBuildFile; fileRef = B0010000000000000000001C /* ChapterCommitUseCaseTests.swift */; };
/* End PBXBuildFile section */

/* Begin PBXContainerItemProxy section */
		B00100000000000000000014 /* PBXContainerItemProxy */ = {
			isa = PBXContainerItemProxy;
			containerPortal = AD9EB9A52F8676DB005D3EBC /* Project object */;
			proxyType = 1;
			remoteGlobalIDString = AD9EB9AC2F8676DB005D3EBC;
			remoteInfo = OpenWriting;
		};
/* End PBXContainerItemProxy section */

/* Begin PBXFileReference section */
		AD9EB9AD2F8676DB005D3EBC /* OpenWriting.app */ = {isa = PBXFileReference; explicitFileType = wrapper.application; includeInIndex = 0; path = OpenWriting.app; sourceTree = BUILT_PRODUCTS_DIR; };
		B00100000000000000000001 /* OpenWritingTests.xctest */ = {isa = PBXFileReference; explicitFileType = wrapper.cfbundle; includeInIndex = 0; path = OpenWritingTests.xctest; sourceTree = BUILT_PRODUCTS_DIR; };
		B00100000000000000000003 /* NovelProjectTests.swift */ = {isa = PBXFileReference; lastKnownFileType = sourcecode.swift; path = OpenWritingTests/NovelProjectTests.swift; sourceTree = "<group>"; };
		B00100000000000000000004 /* ProjectFileStoreTests.swift */ = {isa = PBXFileReference; lastKnownFileType = sourcecode.swift; path = OpenWritingTests/ProjectFileStoreTests.swift; sourceTree = "<group>"; };
		B00100000000000000000005 /* DomainModelsTests.swift */ = {isa = PBXFileReference; lastKnownFileType = sourcecode.swift; path = OpenWritingTests/DomainModelsTests.swift; sourceTree = "<group>"; };
		B00100000000000000000006 /* SearchTests.swift */ = {isa = PBXFileReference; lastKnownFileType = sourcecode.swift; path = OpenWritingTests/SearchTests.swift; sourceTree = "<group>"; };
		B00100000000000000000007 /* ProjectExportServiceTests.swift */ = {isa = PBXFileReference; lastKnownFileType = sourcecode.swift; path = OpenWritingTests/ProjectExportServiceTests.swift; sourceTree = "<group>"; };
		B00100000000000000000017 /* TestFactories.swift */ = {isa = PBXFileReference; lastKnownFileType = sourcecode.swift; path = OpenWritingTests/TestFactories.swift; sourceTree = "<group>"; };
		B00100000000000000000018 /* HostedXCTestLaunchGuardTests.swift */ = {isa = PBXFileReference; lastKnownFileType = sourcecode.swift; path = OpenWritingTests/HostedXCTestLaunchGuardTests.swift; sourceTree = "<group>"; };
		B0010000000000000000001A /* WritingDeskSessionPolicyTests.swift */ = {isa = PBXFileReference; lastKnownFileType = sourcecode.swift; path = OpenWritingTests/WritingDeskSessionPolicyTests.swift; sourceTree = "<group>"; };
		B0010000000000000000001C /* ChapterCommitUseCaseTests.swift */ = {isa = PBXFileReference; lastKnownFileType = sourcecode.swift; path = OpenWritingTests/ChapterCommitUseCaseTests.swift; sourceTree = "<group>"; };
/* End PBXFileReference section */

/* Begin PBXFileSystemSynchronizedRootGroup section */
		AD9EB9AF2F8676DB005D3EBC /* OpenWriting */ = {
			isa = PBXFileSystemSynchronizedRootGroup;
			path = OpenWriting;
			sourceTree = "<group>";
		};
/* End PBXFileSystemSynchronizedRootGroup section */

/* Begin PBXFrameworksBuildPhase section */
		AD9EB9AA2F8676DB005D3EBC /* Frameworks */ = {
			isa = PBXFrameworksBuildPhase;
			buildActionMask = 2147483647;
			files = (
			);
			runOnlyForDeploymentPostprocessing = 0;
		};
		B0010000000000000000000E /* Frameworks */ = {
			isa = PBXFrameworksBuildPhase;
			buildActionMask = 2147483647;
			files = (
			);
			runOnlyForDeploymentPostprocessing = 0;
		};
/* End PBXFrameworksBuildPhase section */

/* Begin PBXGroup section */
		AD9EB9A42F8676DB005D3EBC = {
			isa = PBXGroup;
			children = (
				AD9EB9AF2F8676DB005D3EBC /* OpenWriting */,
				B00100000000000000000002 /* Tests */,
				AD9EB9AE2F8676DB005D3EBC /* Products */,
			);
			sourceTree = "<group>";
		};
		AD9EB9AE2F8676DB005D3EBC /* Products */ = {
			isa = PBXGroup;
			children = (
				AD9EB9AD2F8676DB005D3EBC /* OpenWriting.app */,
				B00100000000000000000001 /* OpenWritingTests.xctest */,
			);
			name = Products;
			sourceTree = "<group>";
		};
		B00100000000000000000002 /* Tests */ = {
			isa = PBXGroup;
			children = (
				B0010000000000000000001C /* ChapterCommitUseCaseTests.swift */,
				B00100000000000000000005 /* DomainModelsTests.swift */,
				B00100000000000000000018 /* HostedXCTestLaunchGuardTests.swift */,
				B00100000000000000000003 /* NovelProjectTests.swift */,
				B00100000000000000000007 /* ProjectExportServiceTests.swift */,
				B00100000000000000000004 /* ProjectFileStoreTests.swift */,
				B00100000000000000000006 /* SearchTests.swift */,
				B00100000000000000000017 /* TestFactories.swift */,
				B0010000000000000000001A /* WritingDeskSessionPolicyTests.swift */,
			);
			path = Tests;
			sourceTree = "<group>";
		};
/* End PBXGroup section */

/* Begin PBXNativeTarget section */
		AD9EB9AC2F8676DB005D3EBC /* OpenWriting */ = {
			isa = PBXNativeTarget;
			buildConfigurationList = AD9EB9B82F8676DC005D3EBC /* Build configuration list for PBXNativeTarget "OpenWriting" */;
			buildPhases = (
				AD9EB9A92F8676DB005D3EBC /* Sources */,
				AD9EB9AA2F8676DB005D3EBC /* Frameworks */,
				AD9EB9AB2F8676DB005D3EBC /* Resources */,
			);
			buildRules = (
			);
			dependencies = (
			);
			fileSystemSynchronizedGroups = (
				AD9EB9AF2F8676DB005D3EBC /* OpenWriting */,
			);
			name = OpenWriting;
			packageProductDependencies = (
			);
			productName = OpenWriting;
			productReference = AD9EB9AD2F8676DB005D3EBC /* OpenWriting.app */;
			productType = "com.apple.product-type.application";
		};
		B00100000000000000000010 /* OpenWritingTests */ = {
			isa = PBXNativeTarget;
			buildConfigurationList = B00100000000000000000011 /* Build configuration list for PBXNativeTarget "OpenWritingTests" */;
			buildPhases = (
				B0010000000000000000000D /* Sources */,
				B0010000000000000000000E /* Frameworks */,
				B0010000000000000000000F /* Resources */,
			);
			buildRules = (
			);
			dependencies = (
				B00100000000000000000015 /* PBXTargetDependency */,
			);
			name = OpenWritingTests;
			packageProductDependencies = (
			);
			productName = OpenWritingTests;
			productReference = B00100000000000000000001 /* OpenWritingTests.xctest */;
			productType = "com.apple.product-type.bundle.unit-test";
		};
/* End PBXNativeTarget section */

/* Begin PBXProject section */
		AD9EB9A52F8676DB005D3EBC /* Project object */ = {
			isa = PBXProject;
			attributes = {
				BuildIndependentTargetsInParallel = 1;
				LastSwiftUpdateCheck = 2640;
				LastUpgradeCheck = 2640;
				TargetAttributes = {
					AD9EB9AC2F8676DB005D3EBC = {
						CreatedOnToolsVersion = 26.4;
					};
					B00100000000000000000010 = {
						CreatedOnToolsVersion = 26.4;
						TestTargetID = AD9EB9AC2F8676DB005D3EBC;
					};
				};
			};
			buildConfigurationList = AD9EB9A82F8676DB005D3EBC /* Build configuration list for PBXProject "OpenWriting" */;
			developmentRegion = en;
			hasScannedForEncodings = 0;
			knownRegions = (
				en,
				Base,
			);
			mainGroup = AD9EB9A42F8676DB005D3EBC;
			minimizedProjectReferenceProxies = 1;
			preferredProjectObjectVersion = 77;
			productRefGroup = AD9EB9AE2F8676DB005D3EBC /* Products */;
			projectDirPath = "";
			projectRoot = "";
			targets = (
				AD9EB9AC2F8676DB005D3EBC /* OpenWriting */,
				B00100000000000000000010 /* OpenWritingTests */,
			);
		};
/* End PBXProject section */

/* Begin PBXResourcesBuildPhase section */
		AD9EB9AB2F8676DB005D3EBC /* Resources */ = {
			isa = PBXResourcesBuildPhase;
			buildActionMask = 2147483647;
			files = (
			);
			runOnlyForDeploymentPostprocessing = 0;
		};
		B0010000000000000000000F /* Resources */ = {
			isa = PBXResourcesBuildPhase;
			buildActionMask = 2147483647;
			files = (
			);
			runOnlyForDeploymentPostprocessing = 0;
		};
/* End PBXResourcesBuildPhase section */

/* Begin PBXSourcesBuildPhase section */
		AD9EB9A92F8676DB005D3EBC /* Sources */ = {
			isa = PBXSourcesBuildPhase;
			buildActionMask = 2147483647;
			files = (
			);
			runOnlyForDeploymentPostprocessing = 0;
		};
		B0010000000000000000000D /* Sources */ = {
			isa = PBXSourcesBuildPhase;
			buildActionMask = 2147483647;
			files = (
				B0010000000000000000001D /* ChapterCommitUseCaseTests.swift in Sources */,
				B0010000000000000000000A /* DomainModelsTests.swift in Sources */,
				B00100000000000000000019 /* HostedXCTestLaunchGuardTests.swift in Sources */,
				B00100000000000000000008 /* NovelProjectTests.swift in Sources */,
				B0010000000000000000000C /* ProjectExportServiceTests.swift in Sources */,
				B00100000000000000000009 /* ProjectFileStoreTests.swift in Sources */,
				B0010000000000000000000B /* SearchTests.swift in Sources */,
				B00100000000000000000016 /* TestFactories.swift in Sources */,
				B0010000000000000000001B /* WritingDeskSessionPolicyTests.swift in Sources */,
			);
			runOnlyForDeploymentPostprocessing = 0;
		};
/* End PBXSourcesBuildPhase section */

/* Begin PBXTargetDependency section */
		B00100000000000000000015 /* PBXTargetDependency */ = {
			isa = PBXTargetDependency;
			target = AD9EB9AC2F8676DB005D3EBC /* OpenWriting */;
			targetProxy = B00100000000000000000014 /* PBXContainerItemProxy */;
		};
/* End PBXTargetDependency section */

/* Begin XCBuildConfiguration section */
		AD9EB9B62F8676DC005D3EBC /* Debug */ = {
			isa = XCBuildConfiguration;
			buildSettings = {
				ALWAYS_SEARCH_USER_PATHS = NO;
				ASSETCATALOG_COMPILER_GENERATE_SWIFT_ASSET_SYMBOL_EXTENSIONS = YES;
				CLANG_ANALYZER_NONNULL = YES;
				CLANG_ANALYZER_NUMBER_OBJECT_CONVERSION = YES_AGGRESSIVE;
				CLANG_CXX_LANGUAGE_STANDARD = "gnu++20";
				CLANG_ENABLE_MODULES = YES;
				CLANG_ENABLE_OBJC_ARC = YES;
				CLANG_ENABLE_OBJC_WEAK = YES;
				CLANG_WARN_BLOCK_CAPTURE_AUTORELEASING = YES;
				CLANG_WARN_BOOL_CONVERSION = YES;
				CLANG_WARN_COMMA = YES;
				CLANG_WARN_CONSTANT_CONVERSION = YES;
				CLANG_WARN_DEPRECATED_OBJC_IMPLEMENTATIONS = YES;
				CLANG_WARN_DIRECT_OBJC_ISA_USAGE = YES_ERROR;
				CLANG_WARN_DOCUMENTATION_COMMENTS = YES;
				CLANG_WARN_EMPTY_BODY = YES;
				CLANG_WARN_ENUM_CONVERSION = YES;
				CLANG_WARN_INFINITE_RECURSION = YES;
				CLANG_WARN_INT_CONVERSION = YES;
				CLANG_WARN_NON_LITERAL_NULL_CONVERSION = YES;
				CLANG_WARN_OBJC_IMPLICIT_RETAIN_SELF = YES;
				CLANG_WARN_OBJC_LITERAL_CONVERSION = YES;
				CLANG_WARN_OBJC_ROOT_CLASS = YES_ERROR;
				CLANG_WARN_QUOTED_INCLUDE_IN_FRAMEWORK_HEADER = YES;
				CLANG_WARN_RANGE_LOOP_ANALYSIS = YES;
				CLANG_WARN_STRICT_PROTOTYPES = YES;
				CLANG_WARN_SUSPICIOUS_MOVE = YES;
				CLANG_WARN_UNGUARDED_AVAILABILITY = YES_AGGRESSIVE;
				CLANG_WARN_UNREACHABLE_CODE = YES;
				CLANG_WARN__DUPLICATE_METHOD_MATCH = YES;
				COPY_PHASE_STRIP = NO;
				DEBUG_INFORMATION_FORMAT = dwarf;
				DEVELOPMENT_TEAM = YGLM6WXF27;
				ENABLE_STRICT_OBJC_MSGSEND = YES;
				ENABLE_TESTABILITY = YES;
				ENABLE_USER_SCRIPT_SANDBOXING = YES;
				GCC_C_LANGUAGE_STANDARD = gnu17;
				GCC_DYNAMIC_NO_PIC = NO;
				GCC_NO_COMMON_BLOCKS = YES;
				GCC_OPTIMIZATION_LEVEL = 0;
				GCC_PREPROCESSOR_DEFINITIONS = (
					"DEBUG=1",
					"$(inherited)",
				);
				GCC_WARN_64_TO_32_BIT_CONVERSION = YES;
				GCC_WARN_ABOUT_RETURN_TYPE = YES_ERROR;
				GCC_WARN_UNDECLARED_SELECTOR = YES;
				GCC_WARN_UNINITIALIZED_AUTOS = YES_AGGRESSIVE;
				GCC_WARN_UNUSED_FUNCTION = YES;
				GCC_WARN_UNUSED_VARIABLE = YES;
				LOCALIZATION_PREFERS_STRING_CATALOGS = YES;
				MACOSX_DEPLOYMENT_TARGET = 26.4;
				MTL_ENABLE_DEBUG_INFO = INCLUDE_SOURCE;
				MTL_FAST_MATH = YES;
				ONLY_ACTIVE_ARCH = YES;
				SDKROOT = macosx;
				SWIFT_ACTIVE_COMPILATION_CONDITIONS = "DEBUG $(inherited)";
				SWIFT_OPTIMIZATION_LEVEL = "-Onone";
			};
			name = Debug;
		};
		AD9EB9B72F8676DC005D3EBC /* Release */ = {
			isa = XCBuildConfiguration;
			buildSettings = {
				ALWAYS_SEARCH_USER_PATHS = NO;
				ASSETCATALOG_COMPILER_GENERATE_SWIFT_ASSET_SYMBOL_EXTENSIONS = YES;
				CLANG_ANALYZER_NONNULL = YES;
				CLANG_ANALYZER_NUMBER_OBJECT_CONVERSION = YES_AGGRESSIVE;
				CLANG_CXX_LANGUAGE_STANDARD = "gnu++20";
				CLANG_ENABLE_MODULES = YES;
				CLANG_ENABLE_OBJC_ARC = YES;
				CLANG_ENABLE_OBJC_WEAK = YES;
				CLANG_WARN_BLOCK_CAPTURE_AUTORELEASING = YES;
				CLANG_WARN_BOOL_CONVERSION = YES;
				CLANG_WARN_COMMA = YES;
				CLANG_WARN_CONSTANT_CONVERSION = YES;
				CLANG_WARN_DEPRECATED_OBJC_IMPLEMENTATIONS = YES;
				CLANG_WARN_DIRECT_OBJC_ISA_USAGE = YES_ERROR;
				CLANG_WARN_DOCUMENTATION_COMMENTS = YES;
				CLANG_WARN_EMPTY_BODY = YES;
				CLANG_WARN_ENUM_CONVERSION = YES;
				CLANG_WARN_INFINITE_RECURSION = YES;
				CLANG_WARN_INT_CONVERSION = YES;
				CLANG_WARN_NON_LITERAL_NULL_CONVERSION = YES;
				CLANG_WARN_OBJC_IMPLICIT_RETAIN_SELF = YES;
				CLANG_WARN_OBJC_LITERAL_CONVERSION = YES;
				CLANG_WARN_OBJC_ROOT_CLASS = YES_ERROR;
				CLANG_WARN_QUOTED_INCLUDE_IN_FRAMEWORK_HEADER = YES;
				CLANG_WARN_RANGE_LOOP_ANALYSIS = YES;
				CLANG_WARN_STRICT_PROTOTYPES = YES;
				CLANG_WARN_SUSPICIOUS_MOVE = YES;
				CLANG_WARN_UNGUARDED_AVAILABILITY = YES_AGGRESSIVE;
				CLANG_WARN_UNREACHABLE_CODE = YES;
				CLANG_WARN__DUPLICATE_METHOD_MATCH = YES;
				COPY_PHASE_STRIP = NO;
				DEBUG_INFORMATION_FORMAT = "dwarf-with-dsym";
				DEVELOPMENT_TEAM = YGLM6WXF27;
				ENABLE_NS_ASSERTIONS = NO;
				ENABLE_STRICT_OBJC_MSGSEND = YES;
				ENABLE_USER_SCRIPT_SANDBOXING = YES;
				GCC_C_LANGUAGE_STANDARD = gnu17;
				GCC_NO_COMMON_BLOCKS = YES;
				GCC_WARN_64_TO_32_BIT_CONVERSION = YES;
				GCC_WARN_ABOUT_RETURN_TYPE = YES_ERROR;
				GCC_WARN_UNDECLARED_SELECTOR = YES;
				GCC_WARN_UNINITIALIZED_AUTOS = YES_AGGRESSIVE;
				GCC_WARN_UNUSED_FUNCTION = YES;
				GCC_WARN_UNUSED_VARIABLE = YES;
				LOCALIZATION_PREFERS_STRING_CATALOGS = YES;
				MACOSX_DEPLOYMENT_TARGET = 26.4;
				MTL_ENABLE_DEBUG_INFO = NO;
				MTL_FAST_MATH = YES;
				SDKROOT = macosx;
				SWIFT_COMPILATION_MODE = wholemodule;
			};
			name = Release;
		};
		AD9EB9B92F8676DC005D3EBC /* Debug */ = {
			isa = XCBuildConfiguration;
			buildSettings = {
				ASSETCATALOG_COMPILER_APPICON_NAME = AppIcon;
				ASSETCATALOG_COMPILER_GLOBAL_ACCENT_COLOR_NAME = AccentColor;
				CODE_SIGN_ENTITLEMENTS = OpenWriting/OpenWriting.entitlements;
				"CODE_SIGN_IDENTITY[sdk=macosx*]" = "Apple Development";
				CODE_SIGN_STYLE = Automatic;
				COMBINE_HIDPI_IMAGES = YES;
				CURRENT_PROJECT_VERSION = 1;
				DEVELOPMENT_TEAM = 2HD5836RZ2;
				ENABLE_APP_SANDBOX = YES;
				ENABLE_HARDENED_RUNTIME = YES;
				ENABLE_PREVIEWS = YES;
				ENABLE_USER_SELECTED_FILES = readwrite;
				GENERATE_INFOPLIST_FILE = YES;
				INFOPLIST_KEY_NSHumanReadableCopyright = "";
				LD_RUNPATH_SEARCH_PATHS = (
					"$(inherited)",
					"@executable_path/../Frameworks",
				);
				MARKETING_VERSION = 1.0;
				PRODUCT_BUNDLE_IDENTIFIER = CHZ.Kral.OpenWriting;
				PRODUCT_NAME = "$(TARGET_NAME)";
				REGISTER_APP_GROUPS = YES;
				STRING_CATALOG_GENERATE_SYMBOLS = YES;
				SWIFT_APPROACHABLE_CONCURRENCY = YES;
				SWIFT_DEFAULT_ACTOR_ISOLATION = MainActor;
				SWIFT_EMIT_LOC_STRINGS = YES;
				SWIFT_UPCOMING_FEATURE_MEMBER_IMPORT_VISIBILITY = YES;
				SWIFT_VERSION = 5.0;
			};
			name = Debug;
		};
		AD9EB9BA2F8676DC005D3EBC /* Release */ = {
			isa = XCBuildConfiguration;
			buildSettings = {
				ASSETCATALOG_COMPILER_APPICON_NAME = AppIcon;
				ASSETCATALOG_COMPILER_GLOBAL_ACCENT_COLOR_NAME = AccentColor;
				CODE_SIGN_ENTITLEMENTS = OpenWriting/OpenWriting.entitlements;
				"CODE_SIGN_IDENTITY[sdk=macosx*]" = "Apple Development";
				CODE_SIGN_STYLE = Automatic;
				COMBINE_HIDPI_IMAGES = YES;
				CURRENT_PROJECT_VERSION = 1;
				DEVELOPMENT_TEAM = 2HD5836RZ2;
				ENABLE_APP_SANDBOX = YES;
				ENABLE_HARDENED_RUNTIME = YES;
				ENABLE_PREVIEWS = YES;
				ENABLE_USER_SELECTED_FILES = readwrite;
				GENERATE_INFOPLIST_FILE = YES;
				INFOPLIST_KEY_NSHumanReadableCopyright = "";
				LD_RUNPATH_SEARCH_PATHS = (
					"$(inherited)",
					"@executable_path/../Frameworks",
				);
				MARKETING_VERSION = 1.0;
				PRODUCT_BUNDLE_IDENTIFIER = CHZ.Kral.OpenWriting;
				PRODUCT_NAME = "$(TARGET_NAME)";
				REGISTER_APP_GROUPS = YES;
				STRING_CATALOG_GENERATE_SYMBOLS = YES;
				SWIFT_APPROACHABLE_CONCURRENCY = YES;
				SWIFT_DEFAULT_ACTOR_ISOLATION = MainActor;
				SWIFT_EMIT_LOC_STRINGS = YES;
				SWIFT_UPCOMING_FEATURE_MEMBER_IMPORT_VISIBILITY = YES;
				SWIFT_VERSION = 5.0;
			};
			name = Release;
		};
		B00100000000000000000012 /* Debug */ = {
			isa = XCBuildConfiguration;
			buildSettings = {
				BUNDLE_LOADER = "$(TEST_HOST)";
				CODE_SIGN_STYLE = Automatic;
				DEVELOPMENT_TEAM = 2HD5836RZ2;
				GENERATE_INFOPLIST_FILE = YES;
				LD_RUNPATH_SEARCH_PATHS = (
					"$(inherited)",
					"@executable_path/../Frameworks",
					"@loader_path/../Frameworks",
				);
				MACOSX_DEPLOYMENT_TARGET = 26.4;
				PRODUCT_BUNDLE_IDENTIFIER = CHZ.Kral.OpenWritingTests;
				PRODUCT_NAME = "$(TARGET_NAME)";
				SDKROOT = macosx;
				SWIFT_APPROACHABLE_CONCURRENCY = YES;
				SWIFT_DEFAULT_ACTOR_ISOLATION = MainActor;
				SWIFT_EMIT_LOC_STRINGS = NO;
				SWIFT_VERSION = 5.0;
				TEST_HOST = "$(BUILT_PRODUCTS_DIR)/OpenWriting.app/Contents/MacOS/OpenWriting";
				WRAPPER_EXTENSION = xctest;
			};
			name = Debug;
		};
		B00100000000000000000013 /* Release */ = {
			isa = XCBuildConfiguration;
			buildSettings = {
				BUNDLE_LOADER = "$(TEST_HOST)";
				CODE_SIGN_STYLE = Automatic;
				DEVELOPMENT_TEAM = 2HD5836RZ2;
				GENERATE_INFOPLIST_FILE = YES;
				LD_RUNPATH_SEARCH_PATHS = (
					"$(inherited)",
					"@executable_path/../Frameworks",
					"@loader_path/../Frameworks",
				);
				MACOSX_DEPLOYMENT_TARGET = 26.4;
				PRODUCT_BUNDLE_IDENTIFIER = CHZ.Kral.OpenWritingTests;
				PRODUCT_NAME = "$(TARGET_NAME)";
				SDKROOT = macosx;
				SWIFT_APPROACHABLE_CONCURRENCY = YES;
				SWIFT_DEFAULT_ACTOR_ISOLATION = MainActor;
				SWIFT_EMIT_LOC_STRINGS = NO;
				SWIFT_VERSION = 5.0;
				TEST_HOST = "$(BUILT_PRODUCTS_DIR)/OpenWriting.app/Contents/MacOS/OpenWriting";
				WRAPPER_EXTENSION = xctest;
			};
			name = Release;
		};
/* End XCBuildConfiguration section */

/* Begin XCConfigurationList section */
		AD9EB9A82F8676DB005D3EBC /* Build configuration list for PBXProject "OpenWriting" */ = {
			isa = XCConfigurationList;
			buildConfigurations = (
				AD9EB9B62F8676DC005D3EBC /* Debug */,
				AD9EB9B72F8676DC005D3EBC /* Release */,
			);
			defaultConfigurationIsVisible = 0;
			defaultConfigurationName = Release;
		};
		AD9EB9B82F8676DC005D3EBC /* Build configuration list for PBXNativeTarget "OpenWriting" */ = {
			isa = XCConfigurationList;
			buildConfigurations = (
				AD9EB9B92F8676DC005D3EBC /* Debug */,
				AD9EB9BA2F8676DC005D3EBC /* Release */,
			);
			defaultConfigurationIsVisible = 0;
			defaultConfigurationName = Release;
		};
		B00100000000000000000011 /* Build configuration list for PBXNativeTarget "OpenWritingTests" */ = {
			isa = XCConfigurationList;
			buildConfigurations = (
				B00100000000000000000012 /* Debug */,
				B00100000000000000000013 /* Release */,
			);
			defaultConfigurationIsVisible = 0;
			defaultConfigurationName = Release;
		};
/* End XCConfigurationList section */
	};
	rootObject = AD9EB9A52F8676DB005D3EBC /* Project object */;
}
